
Microsoft Visual Studio Solution File, Format Version 12.00
# Visual Studio Version 17
VisualStudioVersion = 17.8.34322.80
MinimumVisualStudioVersion = 10.0.40219.1
Project("{FAE04EC0-301F-11D3-BF4B-00C04F79EFBC}") = "PinedaApp", "PinedaApp\PinedaApp.csproj", "{7ADFA0C5-A287-4BC0-8EC2-C66364135A63}"
EndProject
Project("{FAE04EC0-301F-11D3-BF4B-00C04F79EFBC}") = "PinedaApp.Contracts", "PinedaApp.Contracts\PinedaApp.Contracts.csproj", "{D214DAD4-8681-471E-88A0-66EAEF354CD1}"
EndProject
Global
	GlobalSection(SolutionConfigurationPlatforms) = preSolution
		Debug|Any CPU = Debug|Any CPU
		Release|Any CPU = Release|Any CPU
	EndGlobalSection
	GlobalSection(ProjectConfigurationPlatforms) = postSolution
		{7ADFA0C5-A287-4BC0-8EC2-C66364135A63}.Debug|Any CPU.ActiveCfg = Debug|Any CPU
		{7ADFA0C5-A287-4BC0-8EC2-C66364135A63}.Debug|Any CPU.Build.0 = Debug|Any CPU
		{7ADFA0C5-A287-4BC0-8EC2-C66364135A63}.Release|Any CPU.ActiveCfg = Release|Any CPU
		{7ADFA0C5-A287-4BC0-8EC2-C66364135A63}.Release|Any CPU.Build.0 = Release|Any CPU
		{D214DAD4-8681-471E-88A0-66EAEF354CD1}.Debug|Any CPU.ActiveCfg = Debug|Any CPU
		{D214DAD4-8681-471E-88A0-66EAEF354CD1}.Debug|Any CPU.Build.0 = Debug|Any CPU
		{D214DAD4-8681-471E-88A0-66EAEF354CD1}.Release|Any CPU.ActiveCfg = Release|Any CPU
		{D214DAD4-8681-471E-88A0-66EAEF354CD1}.Release|Any CPU.Build.0 = Release|Any CPU
	EndGlobalSection
	GlobalSection(SolutionProperties) = preSolution
		HideSolutionNode = FALSE
	EndGlobalSection
	GlobalSection(ExtensibilityGlobals) = postSolution
		SolutionGuid = {75B413DD-9EE3-434E-AD46-6F41B673421A}
	EndGlobalSection
EndGlobal
